// !$*UTF8*$!
{
	archiveVersion = 1;
	classes = {
	};
	objectVersion = 56;
	objects = {

/* Begin PBXBuildFile section */
		0310BBB12A734C3B002AEB62 /* AppDelegate.swift in Sources */ = {isa = PBXBuildFile; fileRef = 0310BBB02A734C3B002AEB62 /* AppDelegate.swift */; };
		0310BBB32A734C3B002AEB62 /* SceneDelegate.swift in Sources */ = {isa = PBXBuildFile; fileRef = 0310BBB22A734C3B002AEB62 /* SceneDelegate.swift */; };
		0310BBB82A734C3B002AEB62 /* Main.storyboard in Resources */ = {isa = PBXBuildFile; fileRef = 0310BBB62A734C3B002AEB62 /* Main.storyboard */; };
		0310BBBA2A734C3C002AEB62 /* Assets.xcassets in Resources */ = {isa = PBXBuildFile; fileRef = 0310BBB92A734C3C002AEB62 /* Assets.xcassets */; };
		0310BBBD2A734C3C002AEB62 /* LaunchScreen.storyboard in Resources */ = {isa = PBXBuildFile; fileRef = 0310BBBB2A734C3C002AEB62 /* LaunchScreen.storyboard */; };
		0310BBC62A734EB4002AEB62 /* APILoginViewController.swift in Sources */ = {isa = PBXBuildFile; fileRef = 0310BBC42A734EB3002AEB62 /* APILoginViewController.swift */; };
		0310BBC72A734EB4002AEB62 /* APIRegisterViewController.swift in Sources */ = {isa = PBXBuildFile; fileRef = 0310BBC52A734EB3002AEB62 /* APIRegisterViewController.swift */; };
		0310BBCA2A734F17002AEB62 /* BookTableViewCell.swift in Sources */ = {isa = PBXBuildFile; fileRef = 0310BBC82A734F17002AEB62 /* BookTableViewCell.swift */; };
		0310BBCE2A734F54002AEB62 /* AddEditBookViewController.swift in Sources */ = {isa = PBXBuildFile; fileRef = 0310BBCC2A734F54002AEB62 /* AddEditBookViewController.swift */; };
		0310BBCF2A734F54002AEB62 /* BookCRUDViewController.swift in Sources */ = {isa = PBXBuildFile; fileRef = 0310BBCD2A734F54002AEB62 /* BookCRUDViewController.swift */; };
		03A3D8582B05D5D5003F8AF1 /* Book.swift in Sources */ = {isa = PBXBuildFile; fileRef = 03A3D8572B05D5D5003F8AF1 /* Book.swift */; };
/* End PBXBuildFile section */

/* Begin PBXFileReference section */
		0310BBAD2A734C3B002AEB62 /* MDEV1004-Assignment3.app */ = {isa = PBXFileReference; explicitFileType = wrapper.application; includeInIndex = 0; path = "MDEV1004-Assignment3.app"; sourceTree = BUILT_PRODUCTS_DIR; };
		0310BBB02A734C3B002AEB62 /* AppDelegate.swift */ = {isa = PBXFileReference; lastKnownFileType = sourcecode.swift; path = AppDelegate.swift; sourceTree = "<group>"; };
		0310BBB22A734C3B002AEB62 /* SceneDelegate.swift */ = {isa = PBXFileReference; lastKnownFileType = sourcecode.swift; path = SceneDelegate.swift; sourceTree = "<group>"; };
		0310BBB72A734C3B002AEB62 /* Base */ = {isa = PBXFileReference; lastKnownFileType = file.storyboard; name = Base; path = Base.lproj/Main.storyboard; sourceTree = "<group>"; };
		0310BBB92A734C3C002AEB62 /* Assets.xcassets */ = {isa = PBXFileReference; lastKnownFileType = folder.assetcatalog; path = Assets.xcassets; sourceTree = "<group>"; };
		0310BBBC2A734C3C002AEB62 /* Base */ = {isa = PBXFileReference; lastKnownFileType = file.storyboard; name = Base; path = Base.lproj/LaunchScreen.storyboard; sourceTree = "<group>"; };
		0310BBBE2A734C3C002AEB62 /* Info.plist */ = {isa = PBXFileReference; lastKnownFileType = text.plist.xml; path = Info.plist; sourceTree = "<group>"; };
		0310BBC42A734EB3002AEB62 /* APILoginViewController.swift */ = {isa = PBXFileReference; fileEncoding = 4; lastKnownFileType = sourcecode.swift; path = APILoginViewController.swift; sourceTree = "<group>"; };
		0310BBC52A734EB3002AEB62 /* APIRegisterViewController.swift */ = {isa = PBXFileReference; fileEncoding = 4; lastKnownFileType = sourcecode.swift; path = APIRegisterViewController.swift; sourceTree = "<group>"; };
		0310BBC82A734F17002AEB62 /* BookTableViewCell.swift */ = {isa = PBXFileReference; fileEncoding = 4; lastKnownFileType = sourcecode.swift; path = BookTableViewCell.swift; sourceTree = "<group>"; };
		0310BBCC2A734F54002AEB62 /* AddEditBookViewController.swift */ = {isa = PBXFileReference; fileEncoding = 4; lastKnownFileType = sourcecode.swift; path = AddEditBookViewController.swift; sourceTree = "<group>"; };
		0310BBCD2A734F54002AEB62 /* BookCRUDViewController.swift */ = {isa = PBXFileReference; fileEncoding = 4; lastKnownFileType = sourcecode.swift; path = BookCRUDViewController.swift; sourceTree = "<group>"; };
		03A3D8572B05D5D5003F8AF1 /* Book.swift */ = {isa = PBXFileReference; lastKnownFileType = sourcecode.swift; path = Book.swift; sourceTree = "<group>"; };
/* End PBXFileReference section */

/* Begin PBXFrameworksBuildPhase section */
		0310BBAA2A734C3B002AEB62 /* Frameworks */ = {
			isa = PBXFrameworksBuildPhase;
			buildActionMask = 2147483647;
			files = (
			);
			runOnlyForDeploymentPostprocessing = 0;
		};
/* End PBXFrameworksBuildPhase section */

/* Begin PBXGroup section */
		0310BBA42A734C3B002AEB62 = {
			isa = PBXGroup;
			children = (
				0310BBAF2A734C3B002AEB62 /* MDEV1004-Assignment3 */,
				0310BBAE2A734C3B002AEB62 /* Products */,
			);
			sourceTree = "<group>";
		};
		0310BBAE2A734C3B002AEB62 /* Products */ = {
			isa = PBXGroup;
			children = (
				0310BBAD2A734C3B002AEB62 /* MDEV1004-Assignment3.app */,
			);
			name = Products;
			sourceTree = "<group>";
		};
		0310BBAF2A734C3B002AEB62 /* MDEV1004-Assignment3 */ = {
			isa = PBXGroup;
			children = (
				0310BBCC2A734F54002AEB62 /* AddEditBookViewController.swift */,
				0310BBCD2A734F54002AEB62 /* BookCRUDViewController.swift */,
				0310BBC82A734F17002AEB62 /* BookTableViewCell.swift */,
				0310BBC42A734EB3002AEB62 /* APILoginViewController.swift */,
				0310BBC52A734EB3002AEB62 /* APIRegisterViewController.swift */,
				0310BBB02A734C3B002AEB62 /* AppDelegate.swift */,
				0310BBB22A734C3B002AEB62 /* SceneDelegate.swift */,
				0310BBB62A734C3B002AEB62 /* Main.storyboard */,
				0310BBB92A734C3C002AEB62 /* Assets.xcassets */,
				0310BBBB2A734C3C002AEB62 /* LaunchScreen.storyboard */,
				0310BBBE2A734C3C002AEB62 /* Info.plist */,
				03A3D8572B05D5D5003F8AF1 /* Book.swift */,
			);
			path = "MDEV1004-Assignment3";
			sourceTree = "<group>";
		};
/* End PBXGroup section */

/* Begin PBXNativeTarget section */
		0310BBAC2A734C3B002AEB62 /* MDEV1004-Assignment3 */ = {
			isa = PBXNativeTarget;
			buildConfigurationList = 0310BBC12A734C3C002AEB62 /* Build configuration list for PBXNativeTarget "MDEV1004-Assignment3" */;
			buildPhases = (
				0310BBA92A734C3B002AEB62 /* Sources */,
				0310BBAA2A734C3B002AEB62 /* Frameworks */,
				0310BBAB2A734C3B002AEB62 /* Resources */,
			);
			buildRules = (
			);
			dependencies = (
			);
			name = "MDEV1004-Assignment3";
			productName = "MDEV1004-Assignment3";
			productReference = 0310BBAD2A734C3B002AEB62 /* MDEV1004-Assignment3.app */;
			productType = "com.apple.product-type.application";
		};
/* End PBXNativeTarget section */

/* Begin PBXProject section */
		0310BBA52A734C3B002AEB62 /* Project object */ = {
			isa = PBXProject;
			attributes = {
				BuildIndependentTargetsInParallel = 1;
				LastSwiftUpdateCheck = 1420;
				LastUpgradeCheck = 1420;
				TargetAttributes = {
					0310BBAC2A734C3B002AEB62 = {
						CreatedOnToolsVersion = 14.2;
					};
				};
			};
			buildConfigurationList = 0310BBA82A734C3B002AEB62 /* Build configuration list for PBXProject "MDEV1004-Assignment4" */;
			compatibilityVersion = "Xcode 14.0";
			developmentRegion = en;
			hasScannedForEncodings = 0;
			knownRegions = (
				en,
				Base,
			);
			mainGroup = 0310BBA42A734C3B002AEB62;
			productRefGroup = 0310BBAE2A734C3B002AEB62 /* Products */;
			projectDirPath = "";
			projectRoot = "";
			targets = (
				0310BBAC2A734C3B002AEB62 /* MDEV1004-Assignment3 */,
			);
		};
/* End PBXProject section */

/* Begin PBXResourcesBuildPhase section */
		0310BBAB2A734C3B002AEB62 /* Resources */ = {
			isa = PBXResourcesBuildPhase;
			buildActionMask = 2147483647;
			files = (
				0310BBBD2A734C3C002AEB62 /* LaunchScreen.storyboard in Resources */,
				0310BBBA2A734C3C002AEB62 /* Assets.xcassets in Resources */,
				0310BBB82A734C3B002AEB62 /* Main.storyboard in Resources */,
			);
			runOnlyForDeploymentPostprocessing = 0;
		};
/* End PBXResourcesBuildPhase section */

/* Begin PBXSourcesBuildPhase section */
		0310BBA92A734C3B002AEB62 /* Sources */ = {
			isa = PBXSourcesBuildPhase;
			buildActionMask = 2147483647;
			files = (
				0310BBC72A734EB4002AEB62 /* APIRegisterViewController.swift in Sources */,
				0310BBCF2A734F54002AEB62 /* BookCRUDViewController.swift in Sources */,
				0310BBCE2A734F54002AEB62 /* AddEditBookViewController.swift in Sources */,
				03A3D8582B05D5D5003F8AF1 /* Book.swift in Sources */,
				0310BBCA2A734F17002AEB62 /* BookTableViewCell.swift in Sources */,
				0310BBC62A734EB4002AEB62 /* APILoginViewController.swift in Sources */,
				0310BBB12A734C3B002AEB62 /* AppDelegate.swift in Sources */,
				0310BBB32A734C3B002AEB62 /* SceneDelegate.swift in Sources */,
			);
			runOnlyForDeploymentPostprocessing = 0;
		};
/* End PBXSourcesBuildPhase section */

/* Begin PBXVariantGroup section */
		0310BBB62A734C3B002AEB62 /* Main.storyboard */ = {
			isa = PBXVariantGroup;
			children = (
				0310BBB72A734C3B002AEB62 /* Base */,
			);
			name = Main.storyboard;
			sourceTree = "<group>";
		};
		0310BBBB2A734C3C002AEB62 /* LaunchScreen.storyboard */ = {
			isa = PBXVariantGroup;
			children = (
				0310BBBC2A734C3C002AEB62 /* Base */,
			);
			name = LaunchScreen.storyboard;
			sourceTree = "<group>";
		};
/* End PBXVariantGroup section */

/* Begin XCBuildConfiguration section */
		0310BBBF2A734C3C002AEB62 /* Debug */ = {
			isa = XCBuildConfiguration;
			buildSettings = {
				ALWAYS_SEARCH_USER_PATHS = NO;
				CLANG_ANALYZER_NONNULL = YES;
				CLANG_ANALYZER_NUMBER_OBJECT_CONVERSION = YES_AGGRESSIVE;
				CLANG_CXX_LANGUAGE_STANDARD = "gnu++20";
				CLANG_ENABLE_MODULES = YES;
				CLANG_ENABLE_OBJC_ARC = YES;
				CLANG_ENABLE_OBJC_WEAK = YES;
				CLANG_WARN_BLOCK_CAPTURE_AUTORELEASING = YES;
				CLANG_WARN_BOOL_CONVERSION = YES;
				CLANG_WARN_COMMA = YES;
				CLANG_WARN_CONSTANT_CONVERSION = YES;
				CLANG_WARN_DEPRECATED_OBJC_IMPLEMENTATIONS = YES;
				CLANG_WARN_DIRECT_OBJC_ISA_USAGE = YES_ERROR;
				CLANG_WARN_DOCUMENTATION_COMMENTS = YES;
				CLANG_WARN_EMPTY_BODY = YES;
				CLANG_WARN_ENUM_CONVERSION = YES;
				CLANG_WARN_INFINITE_RECURSION = YES;
				CLANG_WARN_INT_CONVERSION = YES;
				CLANG_WARN_NON_LITERAL_NULL_CONVERSION = YES;
				CLANG_WARN_OBJC_IMPLICIT_RETAIN_SELF = YES;
				CLANG_WARN_OBJC_LITERAL_CONVERSION = YES;
				CLANG_WARN_OBJC_ROOT_CLASS = YES_ERROR;
				CLANG_WARN_QUOTED_INCLUDE_IN_FRAMEWORK_HEADER = YES;
				CLANG_WARN_RANGE_LOOP_ANALYSIS = YES;
				CLANG_WARN_STRICT_PROTOTYPES = YES;
				CLANG_WARN_SUSPICIOUS_MOVE = YES;
				CLANG_WARN_UNGUARDED_AVAILABILITY = YES_AGGRESSIVE;
				CLANG_WARN_UNREACHABLE_CODE = YES;
				CLANG_WARN__DUPLICATE_METHOD_MATCH = YES;
				COPY_PHASE_STRIP = NO;
				DEBUG_INFORMATION_FORMAT = dwarf;
				ENABLE_STRICT_OBJC_MSGSEND = YES;
				ENABLE_TESTABILITY = YES;
				GCC_C_LANGUAGE_STANDARD = gnu11;
				GCC_DYNAMIC_NO_PIC = NO;
				GCC_NO_COMMON_BLOCKS = YES;
				GCC_OPTIMIZATION_LEVEL = 0;
				GCC_PREPROCESSOR_DEFINITIONS = (
					"DEBUG=1",
					"$(inherited)",
				);
				GCC_WARN_64_TO_32_BIT_CONVERSION = YES;
				GCC_WARN_ABOUT_RETURN_TYPE = YES_ERROR;
				GCC_WARN_UNDECLARED_SELECTOR = YES;
				GCC_WARN_UNINITIALIZED_AUTOS = YES_AGGRESSIVE;
				GCC_WARN_UNUSED_FUNCTION = YES;
				GCC_WARN_UNUSED_VARIABLE = YES;
				IPHONEOS_DEPLOYMENT_TARGET = 16.2;
				MTL_ENABLE_DEBUG_INFO = INCLUDE_SOURCE;
				MTL_FAST_MATH = YES;
				ONLY_ACTIVE_ARCH = YES;
				SDKROOT = iphoneos;
				SWIFT_ACTIVE_COMPILATION_CONDITIONS = DEBUG;
				SWIFT_OPTIMIZATION_LEVEL = "-Onone";
			};
			name = Debug;
		};
		0310BBC02A734C3C002AEB62 /* Release */ = {
			isa = XCBuildConfiguration;
			buildSettings = {
				ALWAYS_SEARCH_USER_PATHS = NO;
				CLANG_ANALYZER_NONNULL = YES;
				CLANG_ANALYZER_NUMBER_OBJECT_CONVERSION = YES_AGGRESSIVE;
				CLANG_CXX_LANGUAGE_STANDARD = "gnu++20";
				CLANG_ENABLE_MODULES = YES;
				CLANG_ENABLE_OBJC_ARC = YES;
				CLANG_ENABLE_OBJC_WEAK = YES;
				CLANG_WARN_BLOCK_CAPTURE_AUTORELEASING = YES;
				CLANG_WARN_BOOL_CONVERSION = YES;
				CLANG_WARN_COMMA = YES;
				CLANG_WARN_CONSTANT_CONVERSION = YES;
				CLANG_WARN_DEPRECATED_OBJC_IMPLEMENTATIONS = YES;
				CLANG_WARN_DIRECT_OBJC_ISA_USAGE = YES_ERROR;
				CLANG_WARN_DOCUMENTATION_COMMENTS = YES;
				CLANG_WARN_EMPTY_BODY = YES;
				CLANG_WARN_ENUM_CONVERSION = YES;
				CLANG_WARN_INFINITE_RECURSION = YES;
				CLANG_WARN_INT_CONVERSION = YES;
				CLANG_WARN_NON_LITERAL_NULL_CONVERSION = YES;
				CLANG_WARN_OBJC_IMPLICIT_RETAIN_SELF = YES;
				CLANG_WARN_OBJC_LITERAL_CONVERSION = YES;
				CLANG_WARN_OBJC_ROOT_CLASS = YES_ERROR;
				CLANG_WARN_QUOTED_INCLUDE_IN_FRAMEWORK_HEADER = YES;
				CLANG_WARN_RANGE_LOOP_ANALYSIS = YES;
				CLANG_WARN_STRICT_PROTOTYPES = YES;
				CLANG_WARN_SUSPICIOUS_MOVE = YES;
				CLANG_WARN_UNGUARDED_AVAILABILITY = YES_AGGRESSIVE;
				CLANG_WARN_UNREACHABLE_CODE = YES;
				CLANG_WARN__DUPLICATE_METHOD_MATCH = YES;
				COPY_PHASE_STRIP = NO;
				DEBUG_INFORMATION_FORMAT = "dwarf-with-dsym";
				ENABLE_NS_ASSERTIONS = NO;
				ENABLE_STRICT_OBJC_MSGSEND = YES;
				GCC_C_LANGUAGE_STANDARD = gnu11;
				GCC_NO_COMMON_BLOCKS = YES;
				GCC_WARN_64_TO_32_BIT_CONVERSION = YES;
				GCC_WARN_ABOUT_RETURN_TYPE = YES_ERROR;
				GCC_WARN_UNDECLARED_SELECTOR = YES;
				GCC_WARN_UNINITIALIZED_AUTOS = YES_AGGRESSIVE;
				GCC_WARN_UNUSED_FUNCTION = YES;
				GCC_WARN_UNUSED_VARIABLE = YES;
				IPHONEOS_DEPLOYMENT_TARGET = 16.2;
				MTL_ENABLE_DEBUG_INFO = NO;
				MTL_FAST_MATH = YES;
				SDKROOT = iphoneos;
				SWIFT_COMPILATION_MODE = wholemodule;
				SWIFT_OPTIMIZATION_LEVEL = "-O";
				VALIDATE_PRODUCT = YES;
			};
			name = Release;
		};
		0310BBC22A734C3C002AEB62 /* Debug */ = {
			isa = XCBuildConfiguration;
			buildSettings = {
				ASSETCATALOG_COMPILER_APPICON_NAME = AppIcon;
				ASSETCATALOG_COMPILER_GLOBAL_ACCENT_COLOR_NAME = AccentColor;
				CODE_SIGN_STYLE = Automatic;
				CURRENT_PROJECT_VERSION = 1;
				DEVELOPMENT_TEAM = QWU3Y5ZGR2;
				GENERATE_INFOPLIST_FILE = YES;
				INFOPLIST_FILE = "MDEV1004-Assignment3/Info.plist";
				INFOPLIST_KEY_UIApplicationSupportsIndirectInputEvents = YES;
				INFOPLIST_KEY_UILaunchStoryboardName = LaunchScreen;
				INFOPLIST_KEY_UIMainStoryboardFile = Main;
				INFOPLIST_KEY_UISupportedInterfaceOrientations_iPad = "UIInterfaceOrientationPortrait UIInterfaceOrientationPortraitUpsideDown UIInterfaceOrientationLandscapeLeft UIInterfaceOrientationLandscapeRight";
				INFOPLIST_KEY_UISupportedInterfaceOrientations_iPhone = "UIInterfaceOrientationPortrait UIInterfaceOrientationLandscapeLeft UIInterfaceOrientationLandscapeRight";
				LD_RUNPATH_SEARCH_PATHS = (
					"$(inherited)",
					"@executable_path/Frameworks",
				);
				MARKETING_VERSION = 1.0;
				PRODUCT_BUNDLE_IDENTIFIER = "com.georgiancollege.MDEV1004-Assignment3";
				PRODUCT_NAME = "$(TARGET_NAME)";
				SWIFT_EMIT_LOC_STRINGS = YES;
				SWIFT_VERSION = 5.0;
				TARGETED_DEVICE_FAMILY = "1,2";
			};
			name = Debug;
		};
		0310BBC32A734C3C002AEB62 /* Release */ = {
			isa = XCBuildConfiguration;
			buildSettings = {
				ASSETCATALOG_COMPILER_APPICON_NAME = AppIcon;
				ASSETCATALOG_COMPILER_GLOBAL_ACCENT_COLOR_NAME = AccentColor;
				CODE_SIGN_STYLE = Automatic;
				CURRENT_PROJECT_VERSION = 1;
				DEVELOPMENT_TEAM = QWU3Y5ZGR2;
				GENERATE_INFOPLIST_FILE = YES;
				INFOPLIST_FILE = "MDEV1004-Assignment3/Info.plist";
				INFOPLIST_KEY_UIApplicationSupportsIndirectInputEvents = YES;
				INFOPLIST_KEY_UILaunchStoryboardName = LaunchScreen;
				INFOPLIST_KEY_UIMainStoryboardFile = Main;
				INFOPLIST_KEY_UISupportedInterfaceOrientations_iPad = "UIInterfaceOrientationPortrait UIInterfaceOrientationPortraitUpsideDown UIInterfaceOrientationLandscapeLeft UIInterfaceOrientationLandscapeRight";
				INFOPLIST_KEY_UISupportedInterfaceOrientations_iPhone = "UIInterfaceOrientationPortrait UIInterfaceOrientationLandscapeLeft UIInterfaceOrientationLandscapeRight";
				LD_RUNPATH_SEARCH_PATHS = (
					"$(inherited)",
					"@executable_path/Frameworks",
				);
				MARKETING_VERSION = 1.0;
				PRODUCT_BUNDLE_IDENTIFIER = "com.georgiancollege.MDEV1004-Assignment3";
				PRODUCT_NAME = "$(TARGET_NAME)";
				SWIFT_EMIT_LOC_STRINGS = YES;
				SWIFT_VERSION = 5.0;
				TARGETED_DEVICE_FAMILY = "1,2";
			};
			name = Release;
		};
/* End XCBuildConfiguration section */

/* Begin XCConfigurationList section */
		0310BBA82A734C3B002AEB62 /* Build configuration list for PBXProject "MDEV1004-Assignment4" */ = {
			isa = XCConfigurationList;
			buildConfigurations = (
				0310BBBF2A734C3C002AEB62 /* Debug */,
				0310BBC02A734C3C002AEB62 /* Release */,
			);
			defaultConfigurationIsVisible = 0;
			defaultConfigurationName = Release;
		};
		0310BBC12A734C3C002AEB62 /* Build configuration list for PBXNativeTarget "MDEV1004-Assignment3" */ = {
			isa = XCConfigurationList;
			buildConfigurations = (
				0310BBC22A734C3C002AEB62 /* Debug */,
				0310BBC32A734C3C002AEB62 /* Release */,
			);
			defaultConfigurationIsVisible = 0;
			defaultConfigurationName = Release;
		};
/* End XCConfigurationList section */
	};
	rootObject = 0310BBA52A734C3B002AEB62 /* Project object */;
}
